
Microsoft Visual Studio Solution File, Format Version 12.00
# Visual Studio 15
VisualStudioVersion = 15.0.28010.2041
MinimumVisualStudioVersion = 10.0.40219.1
Project("{FAE04EC0-301F-11D3-BF4B-00C04F79EFBC}") = "NLog.Targets.Sentry.UnitTests", "NLog.Targets.Sentry.UnitTests\NLog.Targets.Sentry.UnitTests.csproj", "{EF040563-38FB-491B-AA34-30B1BC7AB0CC}"
EndProject
Project("{FAE04EC0-301F-11D3-BF4B-00C04F79EFBC}") = "NLog.Targets.Sentry", "NLog.Targets.Sentry\NLog.Targets.Sentry.csproj", "{69A7EAAA-BF8A-4803-AABD-AD1C514E3413}"
EndProject
Global
	GlobalSection(SolutionConfigurationPlatforms) = preSolution
		Debug|Any CPU = Debug|Any CPU
		Release|Any CPU = Release|Any CPU
	EndGlobalSection
	GlobalSection(ProjectConfigurationPlatforms) = postSolution
		{EF040563-38FB-491B-AA34-30B1BC7AB0CC}.Debug|Any CPU.ActiveCfg = Debug|Any CPU
		{EF040563-38FB-491B-AA34-30B1BC7AB0CC}.Debug|Any CPU.Build.0 = Debug|Any CPU
		{EF040563-38FB-491B-AA34-30B1BC7AB0CC}.Release|Any CPU.ActiveCfg = Release|Any CPU
		{EF040563-38FB-491B-AA34-30B1BC7AB0CC}.Release|Any CPU.Build.0 = Release|Any CPU
		{69A7EAAA-BF8A-4803-AABD-AD1C514E3413}.Debug|Any CPU.ActiveCfg = Debug|Any CPU
		{69A7EAAA-BF8A-4803-AABD-AD1C514E3413}.Debug|Any CPU.Build.0 = Debug|Any CPU
		{69A7EAAA-BF8A-4803-AABD-AD1C514E3413}.Release|Any CPU.ActiveCfg = Release|Any CPU
		{69A7EAAA-BF8A-4803-AABD-AD1C514E3413}.Release|Any CPU.Build.0 = Release|Any CPU
	EndGlobalSection
	GlobalSection(SolutionProperties) = preSolution
		HideSolutionNode = FALSE
	EndGlobalSection
	GlobalSection(ExtensibilityGlobals) = postSolution
		SolutionGuid = {620A7B75-D26A-49BD-8CC3-097795BDF36A}
	EndGlobalSection
EndGlobal
